
Microsoft Visual Studio Solution File, Format Version 12.00
# Visual Studio Version 17
VisualStudioVersion = 17.6.33815.320
MinimumVisualStudioVersion = 10.0.40219.1
Project("{9A19103F-16F7-4668-BE54-9A1E7A4F7556}") = "Calculadora", "Calculadora\Calculadora.csproj", "{331B8F1A-09C5-4118-AB1F-612109987448}"
EndProject
Project("{FAE04EC0-301F-11D3-BF4B-00C04F79EFBC}") = "Calculadora WPF", "Calculadora WPF\Calculadora WPF.csproj", "{E43D4130-94BC-4D6E-A45D-5FE2CE3FD04C}"
EndProject
Global
	GlobalSection(SolutionConfigurationPlatforms) = preSolution
		Debug|Any CPU = Debug|Any CPU
		Release|Any CPU = Release|Any CPU
	EndGlobalSection
	GlobalSection(ProjectConfigurationPlatforms) = postSolution
		{331B8F1A-09C5-4118-AB1F-612109987448}.Debug|Any CPU.ActiveCfg = Debug|Any CPU
		{331B8F1A-09C5-4118-AB1F-612109987448}.Debug|Any CPU.Build.0 = Debug|Any CPU
		{331B8F1A-09C5-4118-AB1F-612109987448}.Release|Any CPU.ActiveCfg = Release|Any CPU
		{331B8F1A-09C5-4118-AB1F-612109987448}.Release|Any CPU.Build.0 = Release|Any CPU
		{E43D4130-94BC-4D6E-A45D-5FE2CE3FD04C}.Debug|Any CPU.ActiveCfg = Debug|Any CPU
		{E43D4130-94BC-4D6E-A45D-5FE2CE3FD04C}.Debug|Any CPU.Build.0 = Debug|Any CPU
		{E43D4130-94BC-4D6E-A45D-5FE2CE3FD04C}.Release|Any CPU.ActiveCfg = Release|Any CPU
		{E43D4130-94BC-4D6E-A45D-5FE2CE3FD04C}.Release|Any CPU.Build.0 = Release|Any CPU
	EndGlobalSection
	GlobalSection(SolutionProperties) = preSolution
		HideSolutionNode = FALSE
	EndGlobalSection
	GlobalSection(ExtensibilityGlobals) = postSolution
		SolutionGuid = {B3363324-E7A4-42B7-AF24-727D0E7EB694}
	EndGlobalSection
EndGlobal
